
Microsoft Visual Studio Solution File, Format Version 12.00
# Visual Studio 15
VisualStudioVersion = 15.0.26730.16
MinimumVisualStudioVersion = 10.0.40219.1
Project("{FAE04EC0-301F-11D3-BF4B-00C04F79EFBC}") = "ChallengeFirstPapaBobsWebsite", "ChallengeFirstPapaBobsWebsite\ChallengeFirstPapaBobsWebsite.csproj", "{D1AB49BB-6C73-45C2-B783-12CF2D590F64}"
EndProject
Global
	GlobalSection(SolutionConfigurationPlatforms) = preSolution
		Debug|Any CPU = Debug|Any CPU
		Release|Any CPU = Release|Any CPU
	EndGlobalSection
	GlobalSection(ProjectConfigurationPlatforms) = postSolution
		{D1AB49BB-6C73-45C2-B783-12CF2D590F64}.Debug|Any CPU.ActiveCfg = Debug|Any CPU
		{D1AB49BB-6C73-45C2-B783-12CF2D590F64}.Debug|Any CPU.Build.0 = Debug|Any CPU
		{D1AB49BB-6C73-45C2-B783-12CF2D590F64}.Release|Any CPU.ActiveCfg = Release|Any CPU
		{D1AB49BB-6C73-45C2-B783-12CF2D590F64}.Release|Any CPU.Build.0 = Release|Any CPU
	EndGlobalSection
	GlobalSection(SolutionProperties) = preSolution
		HideSolutionNode = FALSE
	EndGlobalSection
	GlobalSection(ExtensibilityGlobals) = postSolution
		SolutionGuid = {6273C8CA-F86D-412A-B6BE-3C8E20D90D19}
	EndGlobalSection
EndGlobal
